
Microsoft Visual Studio Solution File, Format Version 10.00
# Visual Studio 2008
Project("{FAE04EC0-301F-11D3-BF4B-00C04F79EFBC}") = "PosTaggerTagGui", "PosTaggerTagGui\PosTaggerTagGui.csproj", "{68E13049-7211-4FC1-B3FF-0FCBE168A142}"
	ProjectSection(ProjectDependencies) = postProject
		{3BA0E2CA-ED77-43D3-8601-8C38AB8E039E} = {3BA0E2CA-ED77-43D3-8601-8C38AB8E039E}
	EndProjectSection
EndProject
Project("{FAE04EC0-301F-11D3-BF4B-00C04F79EFBC}") = "PosTagger", "PosTagger\PosTagger.csproj", "{3BA0E2CA-ED77-43D3-8601-8C38AB8E039E}"
EndProject
Project("{FAE04EC0-301F-11D3-BF4B-00C04F79EFBC}") = "PosTaggerTagLib", "PosTaggerTag\PosTaggerTagLib.csproj", "{F358EA0B-B204-45BD-AB96-EE1057F75585}"
EndProject
Project("{FAE04EC0-301F-11D3-BF4B-00C04F79EFBC}") = "LatinoCore", "..\Latino\Latino\LatinoCore.csproj", "{5F184E57-EA63-46F4-9B3F-DB038CCE20A3}"
EndProject
Project("{FAE04EC0-301F-11D3-BF4B-00C04F79EFBC}") = "LatinoModel", "..\Latino\Latino\Model\LatinoModel.csproj", "{D1AF292A-FBD6-4C2E-9177-92B5C6E24EDC}"
EndProject
Project("{FAE04EC0-301F-11D3-BF4B-00C04F79EFBC}") = "LatinoTextMining", "..\Latino\Latino\TextMining\LatinoTextMining.csproj", "{FFA3AB32-D56A-4544-BCF2-CBC51B57550B}"
EndProject
Global
	GlobalSection(SolutionConfigurationPlatforms) = preSolution
		Debug|Any CPU = Debug|Any CPU
		Lib Debug|Any CPU = Lib Debug|Any CPU
		Lib Release|Any CPU = Lib Release|Any CPU
		Release|Any CPU = Release|Any CPU
	EndGlobalSection
	GlobalSection(ProjectConfigurationPlatforms) = postSolution
		{68E13049-7211-4FC1-B3FF-0FCBE168A142}.Debug|Any CPU.ActiveCfg = Debug|Any CPU
		{68E13049-7211-4FC1-B3FF-0FCBE168A142}.Debug|Any CPU.Build.0 = Debug|Any CPU
		{68E13049-7211-4FC1-B3FF-0FCBE168A142}.Lib Debug|Any CPU.ActiveCfg = Debug|Any CPU
		{68E13049-7211-4FC1-B3FF-0FCBE168A142}.Lib Debug|Any CPU.Build.0 = Debug|Any CPU
		{68E13049-7211-4FC1-B3FF-0FCBE168A142}.Lib Release|Any CPU.ActiveCfg = Release|Any CPU
		{68E13049-7211-4FC1-B3FF-0FCBE168A142}.Lib Release|Any CPU.Build.0 = Release|Any CPU
		{68E13049-7211-4FC1-B3FF-0FCBE168A142}.Release|Any CPU.ActiveCfg = Release|Any CPU
		{68E13049-7211-4FC1-B3FF-0FCBE168A142}.Release|Any CPU.Build.0 = Release|Any CPU
		{3BA0E2CA-ED77-43D3-8601-8C38AB8E039E}.Debug|Any CPU.ActiveCfg = Debug|Any CPU
		{3BA0E2CA-ED77-43D3-8601-8C38AB8E039E}.Debug|Any CPU.Build.0 = Debug|Any CPU
		{3BA0E2CA-ED77-43D3-8601-8C38AB8E039E}.Lib Debug|Any CPU.ActiveCfg = Lib Debug|Any CPU
		{3BA0E2CA-ED77-43D3-8601-8C38AB8E039E}.Lib Debug|Any CPU.Build.0 = Lib Debug|Any CPU
		{3BA0E2CA-ED77-43D3-8601-8C38AB8E039E}.Lib Release|Any CPU.ActiveCfg = Lib Release|Any CPU
		{3BA0E2CA-ED77-43D3-8601-8C38AB8E039E}.Lib Release|Any CPU.Build.0 = Lib Release|Any CPU
		{3BA0E2CA-ED77-43D3-8601-8C38AB8E039E}.Release|Any CPU.ActiveCfg = Release|Any CPU
		{3BA0E2CA-ED77-43D3-8601-8C38AB8E039E}.Release|Any CPU.Build.0 = Release|Any CPU
		{F358EA0B-B204-45BD-AB96-EE1057F75585}.Debug|Any CPU.ActiveCfg = Debug|Any CPU
		{F358EA0B-B204-45BD-AB96-EE1057F75585}.Debug|Any CPU.Build.0 = Debug|Any CPU
		{F358EA0B-B204-45BD-AB96-EE1057F75585}.Lib Debug|Any CPU.ActiveCfg = Debug|Any CPU
		{F358EA0B-B204-45BD-AB96-EE1057F75585}.Lib Debug|Any CPU.Build.0 = Debug|Any CPU
		{F358EA0B-B204-45BD-AB96-EE1057F75585}.Lib Release|Any CPU.ActiveCfg = Release|Any CPU
		{F358EA0B-B204-45BD-AB96-EE1057F75585}.Lib Release|Any CPU.Build.0 = Release|Any CPU
		{F358EA0B-B204-45BD-AB96-EE1057F75585}.Release|Any CPU.ActiveCfg = Release|Any CPU
		{F358EA0B-B204-45BD-AB96-EE1057F75585}.Release|Any CPU.Build.0 = Release|Any CPU
		{5F184E57-EA63-46F4-9B3F-DB038CCE20A3}.Debug|Any CPU.ActiveCfg = Debug|Any CPU
		{5F184E57-EA63-46F4-9B3F-DB038CCE20A3}.Debug|Any CPU.Build.0 = Debug|Any CPU
		{5F184E57-EA63-46F4-9B3F-DB038CCE20A3}.Lib Debug|Any CPU.ActiveCfg = Lib Debug|Any CPU
		{5F184E57-EA63-46F4-9B3F-DB038CCE20A3}.Lib Debug|Any CPU.Build.0 = Lib Debug|Any CPU
		{5F184E57-EA63-46F4-9B3F-DB038CCE20A3}.Lib Release|Any CPU.ActiveCfg = Lib Release|Any CPU
		{5F184E57-EA63-46F4-9B3F-DB038CCE20A3}.Lib Release|Any CPU.Build.0 = Lib Release|Any CPU
		{5F184E57-EA63-46F4-9B3F-DB038CCE20A3}.Release|Any CPU.ActiveCfg = Release|Any CPU
		{5F184E57-EA63-46F4-9B3F-DB038CCE20A3}.Release|Any CPU.Build.0 = Release|Any CPU
		{D1AF292A-FBD6-4C2E-9177-92B5C6E24EDC}.Debug|Any CPU.ActiveCfg = Debug|Any CPU
		{D1AF292A-FBD6-4C2E-9177-92B5C6E24EDC}.Debug|Any CPU.Build.0 = Debug|Any CPU
		{D1AF292A-FBD6-4C2E-9177-92B5C6E24EDC}.Lib Debug|Any CPU.ActiveCfg = Lib Debug|Any CPU
		{D1AF292A-FBD6-4C2E-9177-92B5C6E24EDC}.Lib Debug|Any CPU.Build.0 = Lib Debug|Any CPU
		{D1AF292A-FBD6-4C2E-9177-92B5C6E24EDC}.Lib Release|Any CPU.ActiveCfg = Lib Release|Any CPU
		{D1AF292A-FBD6-4C2E-9177-92B5C6E24EDC}.Lib Release|Any CPU.Build.0 = Lib Release|Any CPU
		{D1AF292A-FBD6-4C2E-9177-92B5C6E24EDC}.Release|Any CPU.ActiveCfg = Release|Any CPU
		{D1AF292A-FBD6-4C2E-9177-92B5C6E24EDC}.Release|Any CPU.Build.0 = Release|Any CPU
		{FFA3AB32-D56A-4544-BCF2-CBC51B57550B}.Debug|Any CPU.ActiveCfg = Debug|Any CPU
		{FFA3AB32-D56A-4544-BCF2-CBC51B57550B}.Debug|Any CPU.Build.0 = Debug|Any CPU
		{FFA3AB32-D56A-4544-BCF2-CBC51B57550B}.Lib Debug|Any CPU.ActiveCfg = Lib Debug|Any CPU
		{FFA3AB32-D56A-4544-BCF2-CBC51B57550B}.Lib Debug|Any CPU.Build.0 = Lib Debug|Any CPU
		{FFA3AB32-D56A-4544-BCF2-CBC51B57550B}.Lib Release|Any CPU.ActiveCfg = Lib Release|Any CPU
		{FFA3AB32-D56A-4544-BCF2-CBC51B57550B}.Lib Release|Any CPU.Build.0 = Lib Release|Any CPU
		{FFA3AB32-D56A-4544-BCF2-CBC51B57550B}.Release|Any CPU.ActiveCfg = Release|Any CPU
		{FFA3AB32-D56A-4544-BCF2-CBC51B57550B}.Release|Any CPU.Build.0 = Release|Any CPU
	EndGlobalSection
	GlobalSection(SolutionProperties) = preSolution
		HideSolutionNode = FALSE
	EndGlobalSection
EndGlobal
